
Microsoft Visual Studio Solution File, Format Version 12.00
# Visual Studio Version 17
VisualStudioVersion = 17.2.32630.192
MinimumVisualStudioVersion = 10.0.40219.1
Project("{FAE04EC0-301F-11D3-BF4B-00C04F79EFBC}") = "ConsoleApp3", "ConsoleApp3\ConsoleApp3.csproj", "{3080A278-5E90-4943-84CA-1008BFF08DB9}"
EndProject
Project("{FAE04EC0-301F-11D3-BF4B-00C04F79EFBC}") = "TestProject1", "TestProject1\TestProject1.csproj", "{662F5CC7-04C8-4E5D-AD5D-CD26F4BEC01F}"
EndProject
Global
	GlobalSection(SolutionConfigurationPlatforms) = preSolution
		Debug|Any CPU = Debug|Any CPU
		Release|Any CPU = Release|Any CPU
	EndGlobalSection
	GlobalSection(ProjectConfigurationPlatforms) = postSolution
		{3080A278-5E90-4943-84CA-1008BFF08DB9}.Debug|Any CPU.ActiveCfg = Debug|Any CPU
		{3080A278-5E90-4943-84CA-1008BFF08DB9}.Debug|Any CPU.Build.0 = Debug|Any CPU
		{3080A278-5E90-4943-84CA-1008BFF08DB9}.Release|Any CPU.ActiveCfg = Release|Any CPU
		{3080A278-5E90-4943-84CA-1008BFF08DB9}.Release|Any CPU.Build.0 = Release|Any CPU
		{662F5CC7-04C8-4E5D-AD5D-CD26F4BEC01F}.Debug|Any CPU.ActiveCfg = Debug|Any CPU
		{662F5CC7-04C8-4E5D-AD5D-CD26F4BEC01F}.Debug|Any CPU.Build.0 = Debug|Any CPU
		{662F5CC7-04C8-4E5D-AD5D-CD26F4BEC01F}.Release|Any CPU.ActiveCfg = Release|Any CPU
		{662F5CC7-04C8-4E5D-AD5D-CD26F4BEC01F}.Release|Any CPU.Build.0 = Release|Any CPU
	EndGlobalSection
	GlobalSection(SolutionProperties) = preSolution
		HideSolutionNode = FALSE
	EndGlobalSection
	GlobalSection(ExtensibilityGlobals) = postSolution
		SolutionGuid = {E25547E1-F92C-4AB2-B1EF-902A0A70983D}
	EndGlobalSection
EndGlobal
